# This file is generated by running "yarn install" inside your project.
# Manual changes might be lost - proceed with caution!

__metadata:
  version: 10
  cacheKey: 10c0

"@alcalzone/ansi-tokenize@npm:^0.3.0":
  version: 0.3.0
  resolution: "@alcalzone/ansi-tokenize@npm:0.3.0"
  dependencies:
    ansi-styles: "npm:^6.2.1"
    is-fullwidth-code-point: "npm:^5.0.0"
  checksum: 10c0/a6dc3328be7631b42ca76af518c9ecdc2c4edb1b961165db6d570805f5505fdfaf0d11c53c38eb5a5a215844e7a0ece4d1e49e0db5abf049983956be5b95cf4f
  languageName: node
  linkType: hard

"@esbuild/aix-ppc64@npm:0.28.1":
  version: 0.28.1
  resolution: "@esbuild/aix-ppc64@npm:0.28.1"
  conditions: os=aix & cpu=ppc64
  languageName: node
  linkType: hard

"@esbuild/android-arm64@npm:0.28.1":
  version: 0.28.1
  resolution: "@esbuild/android-arm64@npm:0.28.1"
  conditions: os=android & cpu=arm64
  languageName: node
  linkType: hard

"@esbuild/android-arm@npm:0.28.1":
  version: 0.28.1
  resolution: "@esbuild/android-arm@npm:0.28.1"
  conditions: os=android & cpu=arm
  languageName: node
  linkType: hard

"@esbuild/android-x64@npm:0.28.1":
  version: 0.28.1
  resolution: "@esbuild/android-x64@npm:0.28.1"
  conditions: os=android & cpu=x64
  languageName: node
  linkType: hard

"@esbuild/darwin-arm64@npm:0.28.1":
  version: 0.28.1
  resolution: "@esbuild/darwin-arm64@npm:0.28.1"
  conditions: os=darwin & cpu=arm64
  languageName: node
  linkType: hard

"@esbuild/darwin-x64@npm:0.28.1":
  version: 0.28.1
  resolution: "@esbuild/darwin-x64@npm:0.28.1"
  conditions: os=darwin & cpu=x64
  languageName: node
  linkType: hard

"@esbuild/freebsd-arm64@npm:0.28.1":
  version: 0.28.1
  resolution: "@esbuild/freebsd-arm64@npm:0.28.1"
  conditions: os=freebsd & cpu=arm64
  languageName: node
  linkType: hard

"@esbuild/freebsd-x64@npm:0.28.1":
  version: 0.28.1
  resolution: "@esbuild/freebsd-x64@npm:0.28.1"
  conditions: os=freebsd & cpu=x64
  languageName: node
  linkType: hard

"@esbuild/linux-arm64@npm:0.28.1":
  version: 0.28.1
  resolution: "@esbuild/linux-arm64@npm:0.28.1"
  conditions: os=linux & cpu=arm64
  languageName: node
  linkType: hard

"@esbuild/linux-arm@npm:0.28.1":
  version: 0.28.1
  resolution: "@esbuild/linux-arm@npm:0.28.1"
  conditions: os=linux & cpu=arm
  languageName: node
  linkType: hard

"@esbuild/linux-ia32@npm:0.28.1":
  version: 0.28.1
  resolution: "@esbuild/linux-ia32@npm:0.28.1"
  conditions: os=linux & cpu=ia32
  languageName: node
  linkType: hard

"@esbuild/linux-loong64@npm:0.28.1":
  version: 0.28.1
  resolution: "@esbuild/linux-loong64@npm:0.28.1"
  conditions: os=linux & cpu=loong64
  languageName: node
  linkType: hard

"@esbuild/linux-mips64el@npm:0.28.1":
  version: 0.28.1
  resolution: "@esbuild/linux-mips64el@npm:0.28.1"
  conditions: os=linux & cpu=mips64el
  languageName: node
  linkType: hard

"@esbuild/linux-ppc64@npm:0.28.1":
  version: 0.28.1
  resolution: "@esbuild/linux-ppc64@npm:0.28.1"
  conditions: os=linux & cpu=ppc64
  languageName: node
  linkType: hard

"@esbuild/linux-riscv64@npm:0.28.1":
  version: 0.28.1
  resolution: "@esbuild/linux-riscv64@npm:0.28.1"
  conditions: os=linux & cpu=riscv64
  languageName: node
  linkType: hard

"@esbuild/linux-s390x@npm:0.28.1":
  version: 0.28.1
  resolution: "@esbuild/linux-s390x@npm:0.28.1"
  conditions: os=linux & cpu=s390x
  languageName: node
  linkType: hard

"@esbuild/linux-x64@npm:0.28.1":
  version: 0.28.1
  resolution: "@esbuild/linux-x64@npm:0.28.1"
  conditions: os=linux & cpu=x64
  languageName: node
  linkType: hard

"@esbuild/netbsd-arm64@npm:0.28.1":
  version: 0.28.1
  resolution: "@esbuild/netbsd-arm64@npm:0.28.1"
  conditions: os=netbsd & cpu=arm64
  languageName: node
  linkType: hard

"@esbuild/netbsd-x64@npm:0.28.1":
  version: 0.28.1
  resolution: "@esbuild/netbsd-x64@npm:0.28.1"
  conditions: os=netbsd & cpu=x64
  languageName: node
  linkType: hard

"@esbuild/openbsd-arm64@npm:0.28.1":
  version: 0.28.1
  resolution: "@esbuild/openbsd-arm64@npm:0.28.1"
  conditions: os=openbsd & cpu=arm64
  languageName: node
  linkType: hard

"@esbuild/openbsd-x64@npm:0.28.1":
  version: 0.28.1
  resolution: "@esbuild/openbsd-x64@npm:0.28.1"
  conditions: os=openbsd & cpu=x64
  languageName: node
  linkType: hard

"@esbuild/openharmony-arm64@npm:0.28.1":
  version: 0.28.1
  resolution: "@esbuild/openharmony-arm64@npm:0.28.1"
  conditions: os=openharmony & cpu=arm64
  languageName: node
  linkType: hard

"@esbuild/sunos-x64@npm:0.28.1":
  version: 0.28.1
  resolution: "@esbuild/sunos-x64@npm:0.28.1"
  conditions: os=sunos & cpu=x64
  languageName: node
  linkType: hard

"@esbuild/win32-arm64@npm:0.28.1":
  version: 0.28.1
  resolution: "@esbuild/win32-arm64@npm:0.28.1"
  conditions: os=win32 & cpu=arm64
  languageName: node
  linkType: hard

"@esbuild/win32-ia32@npm:0.28.1":
  version: 0.28.1
  resolution: "@esbuild/win32-ia32@npm:0.28.1"
  conditions: os=win32 & cpu=ia32
  languageName: node
  linkType: hard

"@esbuild/win32-x64@npm:0.28.1":
  version: 0.28.1
  resolution: "@esbuild/win32-x64@npm:0.28.1"
  conditions: os=win32 & cpu=x64
  languageName: node
  linkType: hard

"@isaacs/fs-minipass@npm:^4.0.0":
  version: 4.0.1
  resolution: "@isaacs/fs-minipass@npm:4.0.1"
  dependencies:
    minipass: "npm:^7.0.4"
  checksum: 10c0/c25b6dc1598790d5b55c0947a9b7d111cfa92594db5296c3b907e2f533c033666f692a3939eadac17b1c7c40d362d0b0635dc874cbfe3e70db7c2b07cc97a5d2
  languageName: node
  linkType: hard

"@types/node@npm:^25.9.3":
  version: 25.9.3
  resolution: "@types/node@npm:25.9.3"
  dependencies:
    undici-types: "npm:>=7.24.0 <7.24.7"
  checksum: 10c0/72d3aece9d42c2c641bcd3f3cb2dc2828b4bd384dfcbd910c404b8859a68bd69d50c4769ce7defd4ff5e049768e23e615f09407ea2cbbb5f44b90d75a7c6b8ca
  languageName: node
  linkType: hard

"@types/react@npm:^19.2.17":
  version: 19.2.17
  resolution: "@types/react@npm:19.2.17"
  dependencies:
    csstype: "npm:^3.2.2"
  checksum: 10c0/bc2c4af96b3e480604424de70d5ebda90c5f4b485df471858c0bc2d7d70364b606ec3c4d8579f94f01aa0c6c0591f56bcf14cba5689f5eea4b74250ccdc3a232
  languageName: node
  linkType: hard

"@vimee/core@npm:^0.3.0":
  version: 0.3.0
  resolution: "@vimee/core@npm:0.3.0"
  checksum: 10c0/b4fc32d8227e6847ca23179345b49ef1a8134f76761b438288644d58c17eb03c14063c13597efc90767de8ef82b6175e779cfe1bfaf4675984f6fe7df362674c
  languageName: node
  linkType: hard

"abbrev@npm:^5.0.0":
  version: 5.0.0
  resolution: "abbrev@npm:5.0.0"
  checksum: 10c0/8e88f5c798ea4562d28c5a3e9ad69e3879890bc5d695d8f2dffb8609be4c890aacc8f80ef4553fdd2c6a62d70c2ce8bc57b38074e383beb7487bdafa9ed42ea5
  languageName: node
  linkType: hard

"ansi-escapes@npm:^7.3.0":
  version: 7.3.0
  resolution: "ansi-escapes@npm:7.3.0"
  dependencies:
    environment: "npm:^1.0.0"
  checksum: 10c0/068961d99f0ef28b661a4a9f84a5d645df93ccf3b9b93816cc7d46bbe1913321d4cdf156bb842a4e1e4583b7375c631fa963efb43001c4eb7ff9ab8f78fc0679
  languageName: node
  linkType: hard

"ansi-regex@npm:^6.2.2":
  version: 6.2.2
  resolution: "ansi-regex@npm:6.2.2"
  checksum: 10c0/05d4acb1d2f59ab2cf4b794339c7b168890d44dda4bf0ce01152a8da0213aca207802f930442ce8cd22d7a92f44907664aac6508904e75e038fa944d2601b30f
  languageName: node
  linkType: hard

"ansi-styles@npm:^6.2.1, ansi-styles@npm:^6.2.3":
  version: 6.2.3
  resolution: "ansi-styles@npm:6.2.3"
  checksum: 10c0/23b8a4ce14e18fb854693b95351e286b771d23d8844057ed2e7d083cd3e708376c3323707ec6a24365f7d7eda3ca00327fe04092e29e551499ec4c8b7bfac868
  languageName: node
  linkType: hard

"auto-bind@npm:^5.0.1":
  version: 5.0.1
  resolution: "auto-bind@npm:5.0.1"
  checksum: 10c0/a703375350ea7b6e92405d8e6bcc6dbfb84b0d7c7172b33e5788a7593929a18227999ff9aa9c32436741d06d021e6672457b1cec73287efe3fab95cff6627eaf
  languageName: node
  linkType: hard

"chalk@npm:^5.3.0, chalk@npm:^5.6.2":
  version: 5.6.2
  resolution: "chalk@npm:5.6.2"
  checksum: 10c0/99a4b0f0e7991796b1e7e3f52dceb9137cae2a9dfc8fc0784a550dc4c558e15ab32ed70b14b21b52beb2679b4892b41a0aa44249bcb996f01e125d58477c6976
  languageName: node
  linkType: hard

"chownr@npm:^3.0.0":
  version: 3.0.0
  resolution: "chownr@npm:3.0.0"
  checksum: 10c0/43925b87700f7e3893296c8e9c56cc58f926411cce3a6e5898136daaf08f08b9a8eb76d37d3267e707d0dcc17aed2e2ebdf5848c0c3ce95cf910a919935c1b10
  languageName: node
  linkType: hard

"cli-boxes@npm:^4.0.1":
  version: 4.0.1
  resolution: "cli-boxes@npm:4.0.1"
  checksum: 10c0/a61d28caf46b35ffbc1797736ccdbd6af37357b08dc773ae874c9645eec063ec4fb55225304109979d3419d560acf572d78c743b2cf78b7c50e8a18b30a2bb59
  languageName: node
  linkType: hard

"cli-cursor@npm:^4.0.0":
  version: 4.0.0
  resolution: "cli-cursor@npm:4.0.0"
  dependencies:
    restore-cursor: "npm:^4.0.0"
  checksum: 10c0/e776e8c3c6727300d0539b0d25160b2bb56aed1a63942753ba1826b012f337a6f4b7ace3548402e4f2f13b5e16bfd751be672c44b203205e7eca8be94afec42c
  languageName: node
  linkType: hard

"cli-truncate@npm:^6.0.0":
  version: 6.0.0
  resolution: "cli-truncate@npm:6.0.0"
  dependencies:
    slice-ansi: "npm:^9.0.0"
    string-width: "npm:^8.2.0"
  checksum: 10c0/e0abb91a00dd20c64b93345e0235e780a5f2cf182c529235bae83f1ab1488b90b047838c1e72b9b472cb5cd6f294f017dac6afed511fa3996d710d3675dec6f7
  languageName: node
  linkType: hard

"code-excerpt@npm:^4.0.0":
  version: 4.0.0
  resolution: "code-excerpt@npm:4.0.0"
  dependencies:
    convert-to-spaces: "npm:^2.0.1"
  checksum: 10c0/b6c5a06e039cecd2ab6a0e10ee0831de8362107d1f298ca3558b5f9004cb8e0260b02dd6c07f57b9a0e346c76864d2873311ee1989809fdeb05bd5fbbadde773
  languageName: node
  linkType: hard

"convert-to-spaces@npm:^2.0.1":
  version: 2.0.1
  resolution: "convert-to-spaces@npm:2.0.1"
  checksum: 10c0/d90aa0e3b6a27f9d5265a8d32def3c5c855b3e823a9db1f26d772f8146d6b91020a2fdfd905ce8048a73fad3aaf836fef8188c67602c374405e2ae8396c4ac46
  languageName: node
  linkType: hard

"csstype@npm:^3.2.2":
  version: 3.2.3
  resolution: "csstype@npm:3.2.3"
  checksum: 10c0/cd29c51e70fa822f1cecd8641a1445bed7063697469d35633b516e60fe8c1bde04b08f6c5b6022136bb669b64c63d4173af54864510fbb4ee23281801841a3ce
  languageName: node
  linkType: hard

"env-paths@npm:^2.2.0":
  version: 2.2.1
  resolution: "env-paths@npm:2.2.1"
  checksum: 10c0/285325677bf00e30845e330eec32894f5105529db97496ee3f598478e50f008c5352a41a30e5e72ec9de8a542b5a570b85699cd63bd2bc646dbcb9f311d83bc4
  languageName: node
  linkType: hard

"environment@npm:^1.0.0":
  version: 1.1.0
  resolution: "environment@npm:1.1.0"
  checksum: 10c0/fb26434b0b581ab397039e51ff3c92b34924a98b2039dcb47e41b7bca577b9dbf134a8eadb364415c74464b682e2d3afe1a4c0eb9873dc44ea814c5d3103331d
  languageName: node
  linkType: hard

"es-toolkit@npm:^1.45.1":
  version: 1.47.1
  resolution: "es-toolkit@npm:1.47.1"
  dependenciesMeta:
    "@trivago/prettier-plugin-sort-imports@4.3.0":
      unplugged: true
    prettier-plugin-sort-re-exports@0.0.1:
      unplugged: true
    vitepress-plugin-sandpack@1.1.4:
      unplugged: true
  checksum: 10c0/d6dff140a71e15d22209f8482f1ce34bab433f449e569c28b9c535963b18b2c3b89b00d7cf7156b5c74cace4c5f96283f0a5fee3be8802dd2cf7481da90cfe0a
  languageName: node
  linkType: hard

"esbuild@npm:~0.28.0":
  version: 0.28.1
  resolution: "esbuild@npm:0.28.1"
  dependencies:
    "@esbuild/aix-ppc64": "npm:0.28.1"
    "@esbuild/android-arm": "npm:0.28.1"
    "@esbuild/android-arm64": "npm:0.28.1"
    "@esbuild/android-x64": "npm:0.28.1"
    "@esbuild/darwin-arm64": "npm:0.28.1"
    "@esbuild/darwin-x64": "npm:0.28.1"
    "@esbuild/freebsd-arm64": "npm:0.28.1"
    "@esbuild/freebsd-x64": "npm:0.28.1"
    "@esbuild/linux-arm": "npm:0.28.1"
    "@esbuild/linux-arm64": "npm:0.28.1"
    "@esbuild/linux-ia32": "npm:0.28.1"
    "@esbuild/linux-loong64": "npm:0.28.1"
    "@esbuild/linux-mips64el": "npm:0.28.1"
    "@esbuild/linux-ppc64": "npm:0.28.1"
    "@esbuild/linux-riscv64": "npm:0.28.1"
    "@esbuild/linux-s390x": "npm:0.28.1"
    "@esbuild/linux-x64": "npm:0.28.1"
    "@esbuild/netbsd-arm64": "npm:0.28.1"
    "@esbuild/netbsd-x64": "npm:0.28.1"
    "@esbuild/openbsd-arm64": "npm:0.28.1"
    "@esbuild/openbsd-x64": "npm:0.28.1"
    "@esbuild/openharmony-arm64": "npm:0.28.1"
    "@esbuild/sunos-x64": "npm:0.28.1"
    "@esbuild/win32-arm64": "npm:0.28.1"
    "@esbuild/win32-ia32": "npm:0.28.1"
    "@esbuild/win32-x64": "npm:0.28.1"
  dependenciesMeta:
    "@esbuild/aix-ppc64":
      optional: true
    "@esbuild/android-arm":
      optional: true
    "@esbuild/android-arm64":
      optional: true
    "@esbuild/android-x64":
      optional: true
    "@esbuild/darwin-arm64":
      optional: true
    "@esbuild/darwin-x64":
      optional: true
    "@esbuild/freebsd-arm64":
      optional: true
    "@esbuild/freebsd-x64":
      optional: true
    "@esbuild/linux-arm":
      optional: true
    "@esbuild/linux-arm64":
      optional: true
    "@esbuild/linux-ia32":
      optional: true
    "@esbuild/linux-loong64":
      optional: true
    "@esbuild/linux-mips64el":
      optional: true
    "@esbuild/linux-ppc64":
      optional: true
    "@esbuild/linux-riscv64":
      optional: true
    "@esbuild/linux-s390x":
      optional: true
    "@esbuild/linux-x64":
      optional: true
    "@esbuild/netbsd-arm64":
      optional: true
    "@esbuild/netbsd-x64":
      optional: true
    "@esbuild/openbsd-arm64":
      optional: true
    "@esbuild/openbsd-x64":
      optional: true
    "@esbuild/openharmony-arm64":
      optional: true
    "@esbuild/sunos-x64":
      optional: true
    "@esbuild/win32-arm64":
      optional: true
    "@esbuild/win32-ia32":
      optional: true
    "@esbuild/win32-x64":
      optional: true
  bin:
    esbuild: bin/esbuild
  checksum: 10c0/29cd456a79ce35ac2c7e05fe871330416b2c395c045d849653f843e51378d6e0d6e774d6dcd01b35f4e83238a29bf8decd04fcd34b3780c589a250b21e5f92bb
  languageName: node
  linkType: hard

"escape-string-regexp@npm:^2.0.0":
  version: 2.0.0
  resolution: "escape-string-regexp@npm:2.0.0"
  checksum: 10c0/2530479fe8db57eace5e8646c9c2a9c80fa279614986d16dcc6bcaceb63ae77f05a851ba6c43756d816c61d7f4534baf56e3c705e3e0d884818a46808811c507
  languageName: node
  linkType: hard

"exponential-backoff@npm:^3.1.1":
  version: 3.1.3
  resolution: "exponential-backoff@npm:3.1.3"
  checksum: 10c0/77e3ae682b7b1f4972f563c6dbcd2b0d54ac679e62d5d32f3e5085feba20483cf28bd505543f520e287a56d4d55a28d7874299941faf637e779a1aa5994d1267
  languageName: node
  linkType: hard

"fdir@npm:^6.5.0":
  version: 6.5.0
  resolution: "fdir@npm:6.5.0"
  peerDependencies:
    picomatch: ^3 || ^4
  peerDependenciesMeta:
    picomatch:
      optional: true
  checksum: 10c0/e345083c4306b3aed6cb8ec551e26c36bab5c511e99ea4576a16750ddc8d3240e63826cc624f5ae17ad4dc82e68a253213b60d556c11bfad064b7607847ed07f
  languageName: node
  linkType: hard

"fsevents@npm:~2.3.3":
  version: 2.3.3
  resolution: "fsevents@npm:2.3.3"
  dependencies:
    node-gyp: "npm:latest"
  checksum: 10c0/a1f0c44595123ed717febbc478aa952e47adfc28e2092be66b8ab1635147254ca6cfe1df792a8997f22716d4cbafc73309899ff7bfac2ac3ad8cf2e4ecc3ec60
  conditions: os=darwin
  languageName: node
  linkType: hard

"fsevents@patch:fsevents@npm%3A~2.3.3#optional!builtin<compat/fsevents>":
  version: 2.3.3
  resolution: "fsevents@patch:fsevents@npm%3A2.3.3#optional!builtin<compat/fsevents>::version=2.3.3&hash=df0bf1"
  dependencies:
    node-gyp: "npm:latest"
  conditions: os=darwin
  languageName: node
  linkType: hard

"get-east-asian-width@npm:^1.3.1, get-east-asian-width@npm:^1.5.0":
  version: 1.6.0
  resolution: "get-east-asian-width@npm:1.6.0"
  checksum: 10c0/7e72e9550fd49ca5b246f9af6bb2afc129c96412845ff6556b3274fd44817a381702ca17028efe9866b261a3d44254cbf21e6c90cf05b4b61675630af776d431
  languageName: node
  linkType: hard

"graceful-fs@npm:^4.2.6":
  version: 4.2.11
  resolution: "graceful-fs@npm:4.2.11"
  checksum: 10c0/386d011a553e02bc594ac2ca0bd6d9e4c22d7fa8cfbfc448a6d148c59ea881b092db9dbe3547ae4b88e55f1b01f7c4a2ecc53b310c042793e63aa44cf6c257f2
  languageName: node
  linkType: hard

"indent-string@npm:^5.0.0":
  version: 5.0.0
  resolution: "indent-string@npm:5.0.0"
  checksum: 10c0/8ee77b57d92e71745e133f6f444d6fa3ed503ad0e1bcd7e80c8da08b42375c07117128d670589725ed07b1978065803fa86318c309ba45415b7fe13e7f170220
  languageName: node
  linkType: hard

"ink-text-input@npm:^6.0.0":
  version: 6.0.0
  resolution: "ink-text-input@npm:6.0.0"
  dependencies:
    chalk: "npm:^5.3.0"
    type-fest: "npm:^4.18.2"
  peerDependencies:
    ink: ">=5"
    react: ">=18"
  checksum: 10c0/1f163d3c88e20719d4ff1fd32978f0e4892e47b75c86d6d33fd4e2f29b02a55c82ccd8f32a6b376dc45676ce42158e4805b32ffe46a705c93330532ba2de9828
  languageName: node
  linkType: hard

"ink@npm:^7.0.6":
  version: 7.0.6
  resolution: "ink@npm:7.0.6"
  dependencies:
    "@alcalzone/ansi-tokenize": "npm:^0.3.0"
    ansi-escapes: "npm:^7.3.0"
    ansi-styles: "npm:^6.2.3"
    auto-bind: "npm:^5.0.1"
    chalk: "npm:^5.6.2"
    cli-boxes: "npm:^4.0.1"
    cli-cursor: "npm:^4.0.0"
    cli-truncate: "npm:^6.0.0"
    code-excerpt: "npm:^4.0.0"
    es-toolkit: "npm:^1.45.1"
    indent-string: "npm:^5.0.0"
    is-in-ci: "npm:^2.0.0"
    patch-console: "npm:^2.0.0"
    react-reconciler: "npm:^0.33.0"
    scheduler: "npm:^0.27.0"
    signal-exit: "npm:^3.0.7"
    slice-ansi: "npm:^9.0.0"
    stack-utils: "npm:^2.0.6"
    string-width: "npm:^8.2.0"
    terminal-size: "npm:^4.0.1"
    type-fest: "npm:^5.5.0"
    widest-line: "npm:^6.0.0"
    wrap-ansi: "npm:^10.0.0"
    ws: "npm:^8.20.0"
    yoga-layout: "npm:~3.2.1"
  peerDependencies:
    "@types/react": ">=19.2.0"
    react: ">=19.2.0"
    react-devtools-core: ">=6.1.2"
  peerDependenciesMeta:
    "@types/react":
      optional: true
    react-devtools-core:
      optional: true
  checksum: 10c0/cfcdd9800a0fdcfa59ff9a0964cf986eaf8207d14db05426a6fafe6b4fc447ca003667fc63ac3fdd8613c6b9fb5e7ce0b0284058d1a6c6b29f617d6b09f0eb99
  languageName: node
  linkType: hard

"is-fullwidth-code-point@npm:^5.0.0, is-fullwidth-code-point@npm:^5.1.0":
  version: 5.1.0
  resolution: "is-fullwidth-code-point@npm:5.1.0"
  dependencies:
    get-east-asian-width: "npm:^1.3.1"
  checksum: 10c0/c1172c2e417fb73470c56c431851681591f6a17233603a9e6f94b7ba870b2e8a5266506490573b607fb1081318589372034aa436aec07b465c2029c0bc7f07a4
  languageName: node
  linkType: hard

"is-in-ci@npm:^2.0.0":
  version: 2.0.0
  resolution: "is-in-ci@npm:2.0.0"
  bin:
    is-in-ci: cli.js
  checksum: 10c0/1e1d1056939a681e8206035de5ad84e0404556eaa7622bb55f0f1868b9788bff3df427bc0b1ed5a172623154a90fcb1e759a230817cd73d09435543ae3c71feb
  languageName: node
  linkType: hard

"isexe@npm:^4.0.0":
  version: 4.0.0
  resolution: "isexe@npm:4.0.0"
  checksum: 10c0/5884815115bceac452877659a9c7726382531592f43dc29e5d48b7c4100661aed54018cb90bd36cb2eaeba521092570769167acbb95c18d39afdccbcca06c5ce
  languageName: node
  linkType: hard

"mimic-fn@npm:^2.1.0":
  version: 2.1.0
  resolution: "mimic-fn@npm:2.1.0"
  checksum: 10c0/b26f5479d7ec6cc2bce275a08f146cf78f5e7b661b18114e2506dd91ec7ec47e7a25bf4360e5438094db0560bcc868079fb3b1fb3892b833c1ecbf63f80c95a4
  languageName: node
  linkType: hard

"minipass@npm:^7.0.4, minipass@npm:^7.1.2":
  version: 7.1.3
  resolution: "minipass@npm:7.1.3"
  checksum: 10c0/539da88daca16533211ea5a9ee98dc62ff5742f531f54640dd34429e621955e91cc280a91a776026264b7f9f6735947629f920944e9c1558369e8bf22eb33fbb
  languageName: node
  linkType: hard

"minizlib@npm:^3.1.0":
  version: 3.1.0
  resolution: "minizlib@npm:3.1.0"
  dependencies:
    minipass: "npm:^7.1.2"
  checksum: 10c0/5aad75ab0090b8266069c9aabe582c021ae53eb33c6c691054a13a45db3b4f91a7fb1bd79151e6b4e9e9a86727b522527c0a06ec7d45206b745d54cd3097bcec
  languageName: node
  linkType: hard

"node-gyp@npm:latest":
  version: 13.0.0
  resolution: "node-gyp@npm:13.0.0"
  dependencies:
    env-paths: "npm:^2.2.0"
    exponential-backoff: "npm:^3.1.1"
    graceful-fs: "npm:^4.2.6"
    nopt: "npm:^10.0.0"
    proc-log: "npm:^7.0.0"
    semver: "npm:^7.3.5"
    tar: "npm:^7.5.4"
    tinyglobby: "npm:^0.2.12"
    undici: "npm:^6.25.0"
    which: "npm:^7.0.0"
  bin:
    node-gyp: bin/node-gyp.js
  checksum: 10c0/e7525c427db2d16aa368b8947187de83083d2a8dda23e3e096a71c22ae637ac5bb8ed7cf6c871f1b9118cd2729dbfee4ff3a4245e2b79226900227b15831b492
  languageName: node
  linkType: hard

"nopt@npm:^10.0.0":
  version: 10.0.1
  resolution: "nopt@npm:10.0.1"
  dependencies:
    abbrev: "npm:^5.0.0"
  bin:
    nopt: bin/nopt.js
  checksum: 10c0/980d89257f9587f3e1f77877ddbf905d6aa3b738ec33e49a4fa1a059a0dd82eb28063982b150654a7ae9de386f2ead60e56172db7d37cf56de545f7392a2a26a
  languageName: node
  linkType: hard

"onetime@npm:^5.1.0":
  version: 5.1.2
  resolution: "onetime@npm:5.1.2"
  dependencies:
    mimic-fn: "npm:^2.1.0"
  checksum: 10c0/ffcef6fbb2692c3c40749f31ea2e22677a876daea92959b8a80b521d95cca7a668c884d8b2045d1d8ee7d56796aa405c405462af112a1477594cc63531baeb8f
  languageName: node
  linkType: hard

"patch-console@npm:^2.0.0":
  version: 2.0.0
  resolution: "patch-console@npm:2.0.0"
  checksum: 10c0/486602591a0af7af8d4c76d8eea42cad32b6de7200488819c6383c75e43733ca7bdc80e30f2e68ce05f06a1607cce1683a1706c6672ca27dada1921b366e8f1c
  languageName: node
  linkType: hard

"picomatch@npm:^4.0.4":
  version: 4.0.4
  resolution: "picomatch@npm:4.0.4"
  checksum: 10c0/e2c6023372cc7b5764719a5ffb9da0f8e781212fa7ca4bd0562db929df8e117460f00dff3cb7509dacfc06b86de924b247f504d0ce1806a37fac4633081466b0
  languageName: node
  linkType: hard

"proc-log@npm:^7.0.0":
  version: 7.0.0
  resolution: "proc-log@npm:7.0.0"
  checksum: 10c0/b89c2d862604f35fec795477b0c7e376feab3ba0d4f4d291c4e959567442697cf451ac557d0623c1cc38af45a78128b983410f397a10c5d3a67f76c33de4754b
  languageName: node
  linkType: hard

"react-reconciler@npm:^0.33.0":
  version: 0.33.0
  resolution: "react-reconciler@npm:0.33.0"
  dependencies:
    scheduler: "npm:^0.27.0"
  peerDependencies:
    react: ^19.2.0
  checksum: 10c0/3f7b27ea8d0ff4c8bf0e402a285e1af9b7d0e6f4c1a70a28f4384938bc1130bc82a90a31df0b79ef5e380e2e55e2598bd90b4dbf802b1203d735ba0355817d3a
  languageName: node
  linkType: hard

"react@npm:^19.2.7":
  version: 19.2.7
  resolution: "react@npm:19.2.7"
  checksum: 10c0/0bd0e2f1bbd4ba97561c6597bf8a5fec05e6476fe61e165c1065598d16668efc6715205599c94d3ddd49d36cb0f21cbf1b9bcc18ee840b805ce222c3e8d558ac
  languageName: node
  linkType: hard

"restore-cursor@npm:^4.0.0":
  version: 4.0.0
  resolution: "restore-cursor@npm:4.0.0"
  dependencies:
    onetime: "npm:^5.1.0"
    signal-exit: "npm:^3.0.2"
  checksum: 10c0/6f7da8c5e422ac26aa38354870b1afac09963572cf2879443540449068cb43476e9cbccf6f8de3e0171e0d6f7f533c2bc1a0a008003c9a525bbc098e89041318
  languageName: node
  linkType: hard

"scheduler@npm:^0.27.0":
  version: 0.27.0
  resolution: "scheduler@npm:0.27.0"
  checksum: 10c0/4f03048cb05a3c8fddc45813052251eca00688f413a3cee236d984a161da28db28ba71bd11e7a3dd02f7af84ab28d39fb311431d3b3772fed557945beb00c452
  languageName: node
  linkType: hard

"semver@npm:^7.3.5":
  version: 7.8.4
  resolution: "semver@npm:7.8.4"
  bin:
    semver: bin/semver.js
  checksum: 10c0/81b7c296fd7927b80f67fa516b75fa1017caac8167795320de28e76ccbc6f7f01763c30ecd10d6a0d8fd089708ab0548a5aebb94b0870e99c2a2b4600a46389b
  languageName: node
  linkType: hard

"signal-exit@npm:^3.0.2, signal-exit@npm:^3.0.7":
  version: 3.0.7
  resolution: "signal-exit@npm:3.0.7"
  checksum: 10c0/25d272fa73e146048565e08f3309d5b942c1979a6f4a58a8c59d5fa299728e9c2fcd1a759ec870863b1fd38653670240cd420dad2ad9330c71f36608a6a1c912
  languageName: node
  linkType: hard

"slice-ansi@npm:^9.0.0":
  version: 9.0.0
  resolution: "slice-ansi@npm:9.0.0"
  dependencies:
    ansi-styles: "npm:^6.2.3"
    is-fullwidth-code-point: "npm:^5.1.0"
  checksum: 10c0/fd97f0e3a48386dbf1cbc2f10134f1e345c161188adb6928856079b4c0117c221a5405a7bff341e1a6e428721c5236353ab26b7d777a4f2f35a8ed2a91d82e7a
  languageName: node
  linkType: hard

"stack-utils@npm:^2.0.6":
  version: 2.0.6
  resolution: "stack-utils@npm:2.0.6"
  dependencies:
    escape-string-regexp: "npm:^2.0.0"
  checksum: 10c0/651c9f87667e077584bbe848acaecc6049bc71979f1e9a46c7b920cad4431c388df0f51b8ad7cfd6eed3db97a2878d0fc8b3122979439ea8bac29c61c95eec8a
  languageName: node
  linkType: hard

"string-width@npm:^8.1.0, string-width@npm:^8.2.0":
  version: 8.2.1
  resolution: "string-width@npm:8.2.1"
  dependencies:
    get-east-asian-width: "npm:^1.5.0"
    strip-ansi: "npm:^7.1.2"
  checksum: 10c0/d467b4eaf4c40a01bb438a2620e77badd2456ffd5131c9973abe4f3acf7c802d5b21f3b6a00a5e33a7fc28ca8f9c103226e01bac61e9f259659c6f46d78e353a
  languageName: node
  linkType: hard

"strip-ansi@npm:^7.1.2":
  version: 7.2.0
  resolution: "strip-ansi@npm:7.2.0"
  dependencies:
    ansi-regex: "npm:^6.2.2"
  checksum: 10c0/544d13b7582f8254811ea97db202f519e189e59d35740c46095897e254e4f1aa9fe1524a83ad6bc5ad67d4dd6c0281d2e0219ed62b880a6238a16a17d375f221
  languageName: node
  linkType: hard

"tagged-tag@npm:^1.0.0":
  version: 1.0.0
  resolution: "tagged-tag@npm:1.0.0"
  checksum: 10c0/91d25c9ffb86a91f20522cefb2cbec9b64caa1febe27ad0df52f08993ff60888022d771e868e6416cf2e72dab68449d2139e8709ba009b74c6c7ecd4000048d1
  languageName: node
  linkType: hard

"tar@npm:^7.5.4":
  version: 7.5.16
  resolution: "tar@npm:7.5.16"
  dependencies:
    "@isaacs/fs-minipass": "npm:^4.0.0"
    chownr: "npm:^3.0.0"
    minipass: "npm:^7.1.2"
    minizlib: "npm:^3.1.0"
    yallist: "npm:^5.0.0"
  checksum: 10c0/4f37f3c4bd2ca2755fd736a5df1d573c1a868ec1b1e893346aeafa95ac510f9e2fd1469420bd866cc7904799e5bd4ac62b5d4f03fe27747d6e1e373b44505c5c
  languageName: node
  linkType: hard

"terminal-size@npm:^4.0.1":
  version: 4.0.1
  resolution: "terminal-size@npm:4.0.1"
  checksum: 10c0/89afd9d816dd9dbfe4499da9aeea70491bbde4ff4592226a9c8ac71074a7580afead6a78e95ecc35f6d42e09087b55ffcb1019302cd55e0cc957b6ce5c4847e8
  languageName: node
  linkType: hard

"termkan@workspace:.":
  version: 0.0.0-use.local
  resolution: "termkan@workspace:."
  dependencies:
    "@types/node": "npm:^25.9.3"
    "@types/react": "npm:^19.2.17"
    "@vimee/core": "npm:^0.3.0"
    ink: "npm:^7.0.6"
    ink-text-input: "npm:^6.0.0"
    react: "npm:^19.2.7"
    tsx: "npm:^4.22.4"
    typescript: "npm:^6.0.3"
    zustand: "npm:^5.0.14"
  bin:
    tk: ./bin/tk.js
  languageName: unknown
  linkType: soft

"tinyglobby@npm:^0.2.12":
  version: 0.2.17
  resolution: "tinyglobby@npm:0.2.17"
  dependencies:
    fdir: "npm:^6.5.0"
    picomatch: "npm:^4.0.4"
  checksum: 10c0/7f7bb0f197c88bc4b20c231e0deca4240ca3bf313a88f5a7fee93a872b84966a4d50220947c0455ad07a60b3b360961c5b7fd979222aeb716a9f99b412002e4c
  languageName: node
  linkType: hard

"tsx@npm:^4.22.4":
  version: 4.22.4
  resolution: "tsx@npm:4.22.4"
  dependencies:
    esbuild: "npm:~0.28.0"
    fsevents: "npm:~2.3.3"
  dependenciesMeta:
    fsevents:
      optional: true
  bin:
    tsx: dist/cli.mjs
  checksum: 10c0/3df31eb4929ff501b40b122163705b201ea57a492581e14312ae95d21eb015b33ded46a3fd564f9c89a0e8083186987fc4f10dd38182c4ad6241605974f6c927
  languageName: node
  linkType: hard

"type-fest@npm:^4.18.2":
  version: 4.41.0
  resolution: "type-fest@npm:4.41.0"
  checksum: 10c0/f5ca697797ed5e88d33ac8f1fec21921839871f808dc59345c9cf67345bfb958ce41bd821165dbf3ae591cedec2bf6fe8882098dfdd8dc54320b859711a2c1e4
  languageName: node
  linkType: hard

"type-fest@npm:^5.5.0":
  version: 5.7.0
  resolution: "type-fest@npm:5.7.0"
  dependencies:
    tagged-tag: "npm:^1.0.0"
  checksum: 10c0/f71ed17b753649421e419db8cc2e140f930333a1467b1d9cca2e0e4052900fd442f2360bae73f3a6bf9340d949ac46d9a1598c709b4c8089272e7624df9c8716
  languageName: node
  linkType: hard

"typescript@npm:^6.0.3":
  version: 6.0.3
  resolution: "typescript@npm:6.0.3"
  bin:
    tsc: bin/tsc
    tsserver: bin/tsserver
  checksum: 10c0/4a25ff5045b984370f48f196b3a0120779b1b343d40b9a68d114ea5e5fff099809b2bb777576991a63a5cd59cf7bffd96ff6fe10afcefbcb8bd6fb96ad4b6606
  languageName: node
  linkType: hard

"typescript@patch:typescript@npm%3A^6.0.3#optional!builtin<compat/typescript>":
  version: 6.0.3
  resolution: "typescript@patch:typescript@npm%3A6.0.3#optional!builtin<compat/typescript>::version=6.0.3&hash=5786d5"
  bin:
    tsc: bin/tsc
    tsserver: bin/tsserver
  checksum: 10c0/2f25c74e65663c248fa1ade2b8459d9ce5372ff9dad07067310f132966ebec1d93f6c42f0baf77a6b6a7a91460463f708e6887013aaade22111037457c6b25df
  languageName: node
  linkType: hard

"undici-types@npm:>=7.24.0 <7.24.7":
  version: 7.24.6
  resolution: "undici-types@npm:7.24.6"
  checksum: 10c0/d9cd8befb643ac904615c280a095ba4240531f6bb4a5e75a22a7483630ca8d3f1016d2ab6ace6ceda1f63b3a2db2fe037fafe121d6917a0187573aa548ff78ca
  languageName: node
  linkType: hard

"undici@npm:^6.25.0":
  version: 6.26.0
  resolution: "undici@npm:6.26.0"
  checksum: 10c0/cf2b4caf58c33d6582970991290cc7a6486d6e738845f25dcdd16952d708ec844815c6d30362919764fcaf30f719891289341f1ada496f003ce2700310453a47
  languageName: node
  linkType: hard

"which@npm:^7.0.0":
  version: 7.0.0
  resolution: "which@npm:7.0.0"
  dependencies:
    isexe: "npm:^4.0.0"
  bin:
    node-which: bin/which.js
  checksum: 10c0/ca0b54f198f78bbc4b7c02e34bda8d335cb352e0adb4cbca1c37b1a957af3a879a82c4c27ca6525bc942f548d8b64f816ef6528360af9f3de55ffb9b979b620d
  languageName: node
  linkType: hard

"widest-line@npm:^6.0.0":
  version: 6.0.0
  resolution: "widest-line@npm:6.0.0"
  dependencies:
    string-width: "npm:^8.1.0"
  checksum: 10c0/735f1fdcd97fe765a07bb8b5e73c020bed8e53ab34e83ce0ef01693ba3c914d9e7977fe5f5facf0d0b670297a82dd5e376d3efa0896860dfcdaf7cd6924c0fb7
  languageName: node
  linkType: hard

"wrap-ansi@npm:^10.0.0":
  version: 10.0.0
  resolution: "wrap-ansi@npm:10.0.0"
  dependencies:
    ansi-styles: "npm:^6.2.3"
    string-width: "npm:^8.2.0"
    strip-ansi: "npm:^7.1.2"
  checksum: 10c0/6b163457630fe6d1c72aeed283a7410b2cc7487312df8b0ce96df3fbd64a2a7c948856ea97c25148c848627587c5c7945be474d8e723ab6011bb0756a53a9e89
  languageName: node
  linkType: hard

"ws@npm:^8.20.0":
  version: 8.21.0
  resolution: "ws@npm:8.21.0"
  peerDependencies:
    bufferutil: ^4.0.1
    utf-8-validate: ">=5.0.2"
  peerDependenciesMeta:
    bufferutil:
      optional: true
    utf-8-validate:
      optional: true
  checksum: 10c0/ef4a243476283fc49bc7550966c4af4aa0eef56273837211e700de3b664e08604a760cdddcb5ba43c049140e74ccfec5b0ee0bb439e08c2adf9138902fdde5f9
  languageName: node
  linkType: hard

"yallist@npm:^5.0.0":
  version: 5.0.0
  resolution: "yallist@npm:5.0.0"
  checksum: 10c0/a499c81ce6d4a1d260d4ea0f6d49ab4da09681e32c3f0472dee16667ed69d01dae63a3b81745a24bd78476ec4fcf856114cb4896ace738e01da34b2c42235416
  languageName: node
  linkType: hard

"yoga-layout@npm:~3.2.1":
  version: 3.2.1
  resolution: "yoga-layout@npm:3.2.1"
  checksum: 10c0/9001e51be993c85e03757e5a04a2b61b8b30c9e5a7865d0156ca87a6431a3b717d51eb4990bfe588189fcfeac688dd9c3de707bbd50d1c344a84e63974cc54a8
  languageName: node
  linkType: hard

"zustand@npm:^5.0.14":
  version: 5.0.14
  resolution: "zustand@npm:5.0.14"
  peerDependencies:
    "@types/react": ">=18.0.0"
    immer: ">=9.0.6"
    react: ">=18.0.0"
    use-sync-external-store: ">=1.2.0"
  peerDependenciesMeta:
    "@types/react":
      optional: true
    immer:
      optional: true
    react:
      optional: true
    use-sync-external-store:
      optional: true
  checksum: 10c0/89de0c8119f1e0861b2f896a0b4df0d67994a373ecee02628d4e7b97cee1885207f646917d3ede395c3a5083316d48846855cfbc84aced7cd23a6db3238930a8
  languageName: node
  linkType: hard
